// !$*UTF8*$!
{
	archiveVersion = 1;
	classes = {
	};
	objectVersion = 46;
	objects = {

/* Begin PBXBuildFile section */
		4219210119A2DEA700429684 /* postViewController.m in Sources */ = {isa = PBXBuildFile; fileRef = 4219210019A2DEA700429684 /* postViewController.m */; };
		4219210719A30CF600429684 /* SystemConfiguration.framework in Frameworks */ = {isa = PBXBuildFile; fileRef = 4219210619A30CF600429684 /* SystemConfiguration.framework */; };
		4219210919A30D0100429684 /* Security.framework in Frameworks */ = {isa = PBXBuildFile; fileRef = 4219210819A30D0100429684 /* Security.framework */; };
		4219210E19A32B4100429684 /* Parse.framework in Frameworks */ = {isa = PBXBuildFile; fileRef = 4219210D19A32B4100429684 /* Parse.framework */; };
		4219211019A32B8E00429684 /* CFNetwork.framework in Frameworks */ = {isa = PBXBuildFile; fileRef = 4219210F19A32B8E00429684 /* CFNetwork.framework */; };
		4219211219A32BB500429684 /* CoreLocation.framework in Frameworks */ = {isa = PBXBuildFile; fileRef = 4219211119A32BB500429684 /* CoreLocation.framework */; };
		4219211419A32BC900429684 /* libz.dylib in Frameworks */ = {isa = PBXBuildFile; fileRef = 4219211319A32BC900429684 /* libz.dylib */; };
		4219211619A32BD900429684 /* MobileCoreServices.framework in Frameworks */ = {isa = PBXBuildFile; fileRef = 4219211519A32BD900429684 /* MobileCoreServices.framework */; };
		4219211819A32BEF00429684 /* QuartzCore.framework in Frameworks */ = {isa = PBXBuildFile; fileRef = 4219211719A32BEF00429684 /* QuartzCore.framework */; };
		4219211A19A32C0300429684 /* StoreKit.framework in Frameworks */ = {isa = PBXBuildFile; fileRef = 4219211919A32C0300429684 /* StoreKit.framework */; };
		7E5487A0199A03D800B7A2FE /* Foundation.framework in Frameworks */ = {isa = PBXBuildFile; fileRef = 7E54879F199A03D800B7A2FE /* Foundation.framework */; };
		7E5487A2199A03D800B7A2FE /* CoreGraphics.framework in Frameworks */ = {isa = PBXBuildFile; fileRef = 7E5487A1199A03D800B7A2FE /* CoreGraphics.framework */; };
		7E5487A4199A03D800B7A2FE /* UIKit.framework in Frameworks */ = {isa = PBXBuildFile; fileRef = 7E5487A3199A03D800B7A2FE /* UIKit.framework */; };
		7E5487AA199A03D800B7A2FE /* InfoPlist.strings in Resources */ = {isa = PBXBuildFile; fileRef = 7E5487A8199A03D800B7A2FE /* InfoPlist.strings */; };
		7E5487AC199A03D800B7A2FE /* main.m in Sources */ = {isa = PBXBuildFile; fileRef = 7E5487AB199A03D800B7A2FE /* main.m */; };
		7E5487B0199A03D800B7A2FE /* AppDelegate.m in Sources */ = {isa = PBXBuildFile; fileRef = 7E5487AF199A03D800B7A2FE /* AppDelegate.m */; };
		7E5487B3199A03D800B7A2FE /* Main.storyboard in Resources */ = {isa = PBXBuildFile; fileRef = 7E5487B1199A03D800B7A2FE /* Main.storyboard */; };
		7E5487B6199A03D800B7A2FE /* ViewController.m in Sources */ = {isa = PBXBuildFile; fileRef = 7E5487B5199A03D800B7A2FE /* ViewController.m */; };
		7E5487B8199A03D800B7A2FE /* Images.xcassets in Resources */ = {isa = PBXBuildFile; fileRef = 7E5487B7199A03D800B7A2FE /* Images.xcassets */; };
		7E5487BF199A03D800B7A2FE /* XCTest.framework in Frameworks */ = {isa = PBXBuildFile; fileRef = 7E5487BE199A03D800B7A2FE /* XCTest.framework */; };
		7E5487C0199A03D800B7A2FE /* Foundation.framework in Frameworks */ = {isa = PBXBuildFile; fileRef = 7E54879F199A03D800B7A2FE /* Foundation.framework */; };
		7E5487C1199A03D800B7A2FE /* UIKit.framework in Frameworks */ = {isa = PBXBuildFile; fileRef = 7E5487A3199A03D800B7A2FE /* UIKit.framework */; };
		7E5487C9199A03D800B7A2FE /* InfoPlist.strings in Resources */ = {isa = PBXBuildFile; fileRef = 7E5487C7199A03D800B7A2FE /* InfoPlist.strings */; };
		7E5487CB199A03D800B7A2FE /* okoshiyaTests.m in Sources */ = {isa = PBXBuildFile; fileRef = 7E5487CA199A03D800B7A2FE /* okoshiyaTests.m */; };
		7EE5A57619A2235A00C10910 /* OnseiViewController.m in Sources */ = {isa = PBXBuildFile; fileRef = 7EE5A57119A2235A00C10910 /* OnseiViewController.m */; };
		7EE5A57A19A2DEA600C10910 /* AVFoundation.framework in Frameworks */ = {isa = PBXBuildFile; fileRef = 7EE5A57919A2DEA600C10910 /* AVFoundation.framework */; };
		7EE5A57C19A2DEAE00C10910 /* AudioToolbox.framework in Frameworks */ = {isa = PBXBuildFile; fileRef = 7EE5A57B19A2DEAE00C10910 /* AudioToolbox.framework */; };
		7EE5A58919A2DED000C10910 /* close.png in Resources */ = {isa = PBXBuildFile; fileRef = 7EE5A57E19A2DED000C10910 /* close.png */; };
		7EE5A58A19A2DED000C10910 /* hukidashi.png in Resources */ = {isa = PBXBuildFile; fileRef = 7EE5A57F19A2DED000C10910 /* hukidashi.png */; };
		7EE5A58B19A2DED000C10910 /* hukidashi1.png in Resources */ = {isa = PBXBuildFile; fileRef = 7EE5A58019A2DED000C10910 /* hukidashi1.png */; };
		7EE5A58C19A2DED000C10910 /* human.png in Resources */ = {isa = PBXBuildFile; fileRef = 7EE5A58119A2DED000C10910 /* human.png */; };
		7EE5A58D19A2DED000C10910 /* listen.png in Resources */ = {isa = PBXBuildFile; fileRef = 7EE5A58219A2DED000C10910 /* listen.png */; };
		7EE5A58E19A2DED000C10910 /* maiku.png in Resources */ = {isa = PBXBuildFile; fileRef = 7EE5A58319A2DED000C10910 /* maiku.png */; };
		7EE5A58F19A2DED000C10910 /* me.png in Resources */ = {isa = PBXBuildFile; fileRef = 7EE5A58419A2DED000C10910 /* me.png */; };
		7EE5A59019A2DED000C10910 /* recordbutton.png in Resources */ = {isa = PBXBuildFile; fileRef = 7EE5A58519A2DED000C10910 /* recordbutton.png */; };
		7EE5A59119A2DED000C10910 /* recordbuttonon.png in Resources */ = {isa = PBXBuildFile; fileRef = 7EE5A58619A2DED000C10910 /* recordbuttonon.png */; };
		7EE5A59219A2DED000C10910 /* title.png in Resources */ = {isa = PBXBuildFile; fileRef = 7EE5A58719A2DED000C10910 /* title.png */; };
		7EE5A59319A2DED000C10910 /* top.png in Resources */ = {isa = PBXBuildFile; fileRef = 7EE5A58819A2DED000C10910 /* top.png */; };
		7EE5A59619A2ECA300C10910 /* UserResisterViewController.m in Sources */ = {isa = PBXBuildFile; fileRef = 7EE5A59519A2ECA300C10910 /* UserResisterViewController.m */; };
		7EE5A59819A32EB500C10910 /* Parse.framework in Frameworks */ = {isa = PBXBuildFile; fileRef = 7EE5A59719A32EB500C10910 /* Parse.framework */; };
		7EE5A59A19A32FD700C10910 /* CFNetwork.framework in Frameworks */ = {isa = PBXBuildFile; fileRef = 7EE5A59919A32FD700C10910 /* CFNetwork.framework */; };
		7EE5A59C19A32FE500C10910 /* CoreLocation.framework in Frameworks */ = {isa = PBXBuildFile; fileRef = 7EE5A59B19A32FE500C10910 /* CoreLocation.framework */; };
		7EE5A59E19A32FFA00C10910 /* libz.dylib in Frameworks */ = {isa = PBXBuildFile; fileRef = 7EE5A59D19A32FFA00C10910 /* libz.dylib */; };
		7EE5A5A019A3300A00C10910 /* MobileCoreServices.framework in Frameworks */ = {isa = PBXBuildFile; fileRef = 7EE5A59F19A3300A00C10910 /* MobileCoreServices.framework */; };
		7EE5A5A219A3301A00C10910 /* QuartzCore.framework in Frameworks */ = {isa = PBXBuildFile; fileRef = 7EE5A5A119A3301A00C10910 /* QuartzCore.framework */; };
		7EE5A5A419A3302E00C10910 /* StoreKit.framework in Frameworks */ = {isa = PBXBuildFile; fileRef = 7EE5A5A319A3302E00C10910 /* StoreKit.framework */; };
		7EE5A5A619A331C400C10910 /* MediaPlayer.framework in Frameworks */ = {isa = PBXBuildFile; fileRef = 7EE5A5A519A331C400C10910 /* MediaPlayer.framework */; };
		7EE5A5A919A33E5F00C10910 /* AlarmViewController.m in Sources */ = {isa = PBXBuildFile; fileRef = 7EE5A5A819A33E5F00C10910 /* AlarmViewController.m */; };
		7EE5A5B319A34C6300C10910 /* DCAudioPlayer.m in Sources */ = {isa = PBXBuildFile; fileRef = 7EE5A5AC19A34C6300C10910 /* DCAudioPlayer.m */; };
		7EE5A5B419A34C6300C10910 /* DCButton.m in Sources */ = {isa = PBXBuildFile; fileRef = 7EE5A5AE19A34C6300C10910 /* DCButton.m */; };
		7EE5A5B519A34C6300C10910 /* DCLabel.m in Sources */ = {isa = PBXBuildFile; fileRef = 7EE5A5B019A34C6300C10910 /* DCLabel.m */; };
		7EE5A5B619A34C6300C10910 /* DCUtil.m in Sources */ = {isa = PBXBuildFile; fileRef = 7EE5A5B219A34C6300C10910 /* DCUtil.m */; };
		7EE5A5BC19A365CB00C10910 /* alarm.mp3 in Resources */ = {isa = PBXBuildFile; fileRef = 7EE5A5BB19A365CB00C10910 /* alarm.mp3 */; };
		840B3B7619A1E18000236DF9 /* VoiceSelect.m in Sources */ = {isa = PBXBuildFile; fileRef = 840B3B7519A1E18000236DF9 /* VoiceSelect.m */; };
		84260DE019A3410800F78BCA /* CFNetwork.framework in Frameworks */ = {isa = PBXBuildFile; fileRef = 84260DDF19A3410800F78BCA /* CFNetwork.framework */; };
		84260DE219A3411F00F78BCA /* CoreLocation.framework in Frameworks */ = {isa = PBXBuildFile; fileRef = 84260DE119A3411F00F78BCA /* CoreLocation.framework */; };
		84260DE419A3412A00F78BCA /* libdl.dylib in Frameworks */ = {isa = PBXBuildFile; fileRef = 84260DE319A3412A00F78BCA /* libdl.dylib */; };
		84260DE619A3413900F78BCA /* MobileCoreServices.framework in Frameworks */ = {isa = PBXBuildFile; fileRef = 84260DE519A3413900F78BCA /* MobileCoreServices.framework */; };
		84260DE819A3415300F78BCA /* QuartzCore.framework in Frameworks */ = {isa = PBXBuildFile; fileRef = 84260DE719A3415300F78BCA /* QuartzCore.framework */; };
		84260DEA19A3416F00F78BCA /* StoreKit.framework in Frameworks */ = {isa = PBXBuildFile; fileRef = 84260DE919A3416F00F78BCA /* StoreKit.framework */; };
		84260DEC19A3430600F78BCA /* Parse.framework in Frameworks */ = {isa = PBXBuildFile; fileRef = 84260DEB19A3430600F78BCA /* Parse.framework */; };
		8484D6FD19A1B7D900E210EE /* myViewController.m in Sources */ = {isa = PBXBuildFile; fileRef = 8484D6FC19A1B7D900E210EE /* myViewController.m */; };
/* End PBXBuildFile section */

/* Begin PBXContainerItemProxy section */
		7E5487C2199A03D800B7A2FE /* PBXContainerItemProxy */ = {
			isa = PBXContainerItemProxy;
			containerPortal = 7E548794199A03D800B7A2FE /* Project object */;
			proxyType = 1;
			remoteGlobalIDString = 7E54879B199A03D800B7A2FE;
			remoteInfo = okoshiya;
		};
/* End PBXContainerItemProxy section */

/* Begin PBXFileReference section */
		421920FF19A2DEA700429684 /* postViewController.h */ = {isa = PBXFileReference; fileEncoding = 4; lastKnownFileType = sourcecode.c.h; path = postViewController.h; sourceTree = "<group>"; };
		4219210019A2DEA700429684 /* postViewController.m */ = {isa = PBXFileReference; fileEncoding = 4; lastKnownFileType = sourcecode.c.objc; path = postViewController.m; sourceTree = "<group>"; };
		4219210619A30CF600429684 /* SystemConfiguration.framework */ = {isa = PBXFileReference; lastKnownFileType = wrapper.framework; name = SystemConfiguration.framework; path = System/Library/Frameworks/SystemConfiguration.framework; sourceTree = SDKROOT; };
		4219210819A30D0100429684 /* Security.framework */ = {isa = PBXFileReference; lastKnownFileType = wrapper.framework; name = Security.framework; path = System/Library/Frameworks/Security.framework; sourceTree = SDKROOT; };
		4219210D19A32B4100429684 /* Parse.framework */ = {isa = PBXFileReference; lastKnownFileType = wrapper.framework; path = Parse.framework; sourceTree = "<group>"; };
		4219210F19A32B8E00429684 /* CFNetwork.framework */ = {isa = PBXFileReference; lastKnownFileType = wrapper.framework; name = CFNetwork.framework; path = System/Library/Frameworks/CFNetwork.framework; sourceTree = SDKROOT; };
		4219211119A32BB500429684 /* CoreLocation.framework */ = {isa = PBXFileReference; lastKnownFileType = wrapper.framework; name = CoreLocation.framework; path = System/Library/Frameworks/CoreLocation.framework; sourceTree = SDKROOT; };
		4219211319A32BC900429684 /* libz.dylib */ = {isa = PBXFileReference; lastKnownFileType = "compiled.mach-o.dylib"; name = libz.dylib; path = usr/lib/libz.dylib; sourceTree = SDKROOT; };
		4219211519A32BD900429684 /* MobileCoreServices.framework */ = {isa = PBXFileReference; lastKnownFileType = wrapper.framework; name = MobileCoreServices.framework; path = System/Library/Frameworks/MobileCoreServices.framework; sourceTree = SDKROOT; };
		4219211719A32BEF00429684 /* QuartzCore.framework */ = {isa = PBXFileReference; lastKnownFileType = wrapper.framework; name = QuartzCore.framework; path = System/Library/Frameworks/QuartzCore.framework; sourceTree = SDKROOT; };
		4219211919A32C0300429684 /* StoreKit.framework */ = {isa = PBXFileReference; lastKnownFileType = wrapper.framework; name = StoreKit.framework; path = System/Library/Frameworks/StoreKit.framework; sourceTree = SDKROOT; };
		7E54879C199A03D800B7A2FE /* okoshiya.app */ = {isa = PBXFileReference; explicitFileType = wrapper.application; includeInIndex = 0; path = okoshiya.app; sourceTree = BUILT_PRODUCTS_DIR; };
		7E54879F199A03D800B7A2FE /* Foundation.framework */ = {isa = PBXFileReference; lastKnownFileType = wrapper.framework; name = Foundation.framework; path = System/Library/Frameworks/Foundation.framework; sourceTree = SDKROOT; };
		7E5487A1199A03D800B7A2FE /* CoreGraphics.framework */ = {isa = PBXFileReference; lastKnownFileType = wrapper.framework; name = CoreGraphics.framework; path = System/Library/Frameworks/CoreGraphics.framework; sourceTree = SDKROOT; };
		7E5487A3199A03D800B7A2FE /* UIKit.framework */ = {isa = PBXFileReference; lastKnownFileType = wrapper.framework; name = UIKit.framework; path = System/Library/Frameworks/UIKit.framework; sourceTree = SDKROOT; };
		7E5487A7199A03D800B7A2FE /* okoshiya-Info.plist */ = {isa = PBXFileReference; lastKnownFileType = text.plist.xml; path = "okoshiya-Info.plist"; sourceTree = "<group>"; };
		7E5487A9199A03D800B7A2FE /* en */ = {isa = PBXFileReference; lastKnownFileType = text.plist.strings; name = en; path = en.lproj/InfoPlist.strings; sourceTree = "<group>"; };
		7E5487AB199A03D800B7A2FE /* main.m */ = {isa = PBXFileReference; lastKnownFileType = sourcecode.c.objc; path = main.m; sourceTree = "<group>"; };
		7E5487AD199A03D800B7A2FE /* okoshiya-Prefix.pch */ = {isa = PBXFileReference; lastKnownFileType = sourcecode.c.h; path = "okoshiya-Prefix.pch"; sourceTree = "<group>"; };
		7E5487AE199A03D800B7A2FE /* AppDelegate.h */ = {isa = PBXFileReference; lastKnownFileType = sourcecode.c.h; path = AppDelegate.h; sourceTree = "<group>"; };
		7E5487AF199A03D800B7A2FE /* AppDelegate.m */ = {isa = PBXFileReference; lastKnownFileType = sourcecode.c.objc; path = AppDelegate.m; sourceTree = "<group>"; };
		7E5487B2199A03D800B7A2FE /* Base */ = {isa = PBXFileReference; lastKnownFileType = file.storyboard; name = Base; path = Base.lproj/Main.storyboard; sourceTree = "<group>"; };
		7E5487B4199A03D800B7A2FE /* ViewController.h */ = {isa = PBXFileReference; lastKnownFileType = sourcecode.c.h; path = ViewController.h; sourceTree = "<group>"; };
		7E5487B5199A03D800B7A2FE /* ViewController.m */ = {isa = PBXFileReference; lastKnownFileType = sourcecode.c.objc; path = ViewController.m; sourceTree = "<group>"; };
		7E5487B7199A03D800B7A2FE /* Images.xcassets */ = {isa = PBXFileReference; lastKnownFileType = folder.assetcatalog; path = Images.xcassets; sourceTree = "<group>"; };
		7E5487BD199A03D800B7A2FE /* okoshiyaTests.xctest */ = {isa = PBXFileReference; explicitFileType = wrapper.cfbundle; includeInIndex = 0; path = okoshiyaTests.xctest; sourceTree = BUILT_PRODUCTS_DIR; };
		7E5487BE199A03D800B7A2FE /* XCTest.framework */ = {isa = PBXFileReference; lastKnownFileType = wrapper.framework; name = XCTest.framework; path = Library/Frameworks/XCTest.framework; sourceTree = DEVELOPER_DIR; };
		7E5487C6199A03D800B7A2FE /* okoshiyaTests-Info.plist */ = {isa = PBXFileReference; lastKnownFileType = text.plist.xml; path = "okoshiyaTests-Info.plist"; sourceTree = "<group>"; };
		7E5487C8199A03D800B7A2FE /* en */ = {isa = PBXFileReference; lastKnownFileType = text.plist.strings; name = en; path = en.lproj/InfoPlist.strings; sourceTree = "<group>"; };
		7E5487CA199A03D800B7A2FE /* okoshiyaTests.m */ = {isa = PBXFileReference; lastKnownFileType = sourcecode.c.objc; path = okoshiyaTests.m; sourceTree = "<group>"; };
		7EE5A57019A2235A00C10910 /* OnseiViewController.h */ = {isa = PBXFileReference; fileEncoding = 4; lastKnownFileType = sourcecode.c.h; path = OnseiViewController.h; sourceTree = "<group>"; };
		7EE5A57119A2235A00C10910 /* OnseiViewController.m */ = {isa = PBXFileReference; fileEncoding = 4; lastKnownFileType = sourcecode.c.objc; path = OnseiViewController.m; sourceTree = "<group>"; };
		7EE5A57919A2DEA600C10910 /* AVFoundation.framework */ = {isa = PBXFileReference; lastKnownFileType = wrapper.framework; name = AVFoundation.framework; path = System/Library/Frameworks/AVFoundation.framework; sourceTree = SDKROOT; };
		7EE5A57B19A2DEAE00C10910 /* AudioToolbox.framework */ = {isa = PBXFileReference; lastKnownFileType = wrapper.framework; name = AudioToolbox.framework; path = System/Library/Frameworks/AudioToolbox.framework; sourceTree = SDKROOT; };
		7EE5A57E19A2DED000C10910 /* close.png */ = {isa = PBXFileReference; lastKnownFileType = image.png; path = close.png; sourceTree = "<group>"; };
		7EE5A57F19A2DED000C10910 /* hukidashi.png */ = {isa = PBXFileReference; lastKnownFileType = image.png; path = hukidashi.png; sourceTree = "<group>"; };
		7EE5A58019A2DED000C10910 /* hukidashi1.png */ = {isa = PBXFileReference; lastKnownFileType = image.png; path = hukidashi1.png; sourceTree = "<group>"; };
		7EE5A58119A2DED000C10910 /* human.png */ = {isa = PBXFileReference; lastKnownFileType = image.png; path = human.png; sourceTree = "<group>"; };
		7EE5A58219A2DED000C10910 /* listen.png */ = {isa = PBXFileReference; lastKnownFileType = image.png; path = listen.png; sourceTree = "<group>"; };
		7EE5A58319A2DED000C10910 /* maiku.png */ = {isa = PBXFileReference; lastKnownFileType = image.png; path = maiku.png; sourceTree = "<group>"; };
		7EE5A58419A2DED000C10910 /* me.png */ = {isa = PBXFileReference; lastKnownFileType = image.png; path = me.png; sourceTree = "<group>"; };
		7EE5A58519A2DED000C10910 /* recordbutton.png */ = {isa = PBXFileReference; lastKnownFileType = image.png; path = recordbutton.png; sourceTree = "<group>"; };
		7EE5A58619A2DED000C10910 /* recordbuttonon.png */ = {isa = PBXFileReference; lastKnownFileType = image.png; path = recordbuttonon.png; sourceTree = "<group>"; };
		7EE5A58719A2DED000C10910 /* title.png */ = {isa = PBXFileReference; lastKnownFileType = image.png; path = title.png; sourceTree = "<group>"; };
		7EE5A58819A2DED000C10910 /* top.png */ = {isa = PBXFileReference; lastKnownFileType = image.png; path = top.png; sourceTree = "<group>"; };
		7EE5A59419A2ECA300C10910 /* UserResisterViewController.h */ = {isa = PBXFileReference; fileEncoding = 4; lastKnownFileType = sourcecode.c.h; path = UserResisterViewController.h; sourceTree = "<group>"; };
		7EE5A59519A2ECA300C10910 /* UserResisterViewController.m */ = {isa = PBXFileReference; fileEncoding = 4; lastKnownFileType = sourcecode.c.objc; path = UserResisterViewController.m; sourceTree = "<group>"; };
		7EE5A59719A32EB500C10910 /* Parse.framework */ = {isa = PBXFileReference; lastKnownFileType = wrapper.framework; path = Parse.framework; sourceTree = "<group>"; };
		7EE5A59919A32FD700C10910 /* CFNetwork.framework */ = {isa = PBXFileReference; lastKnownFileType = wrapper.framework; name = CFNetwork.framework; path = System/Library/Frameworks/CFNetwork.framework; sourceTree = SDKROOT; };
		7EE5A59B19A32FE500C10910 /* CoreLocation.framework */ = {isa = PBXFileReference; lastKnownFileType = wrapper.framework; name = CoreLocation.framework; path = System/Library/Frameworks/CoreLocation.framework; sourceTree = SDKROOT; };
		7EE5A59D19A32FFA00C10910 /* libz.dylib */ = {isa = PBXFileReference; lastKnownFileType = "compiled.mach-o.dylib"; name = libz.dylib; path = usr/lib/libz.dylib; sourceTree = SDKROOT; };
		7EE5A59F19A3300A00C10910 /* MobileCoreServices.framework */ = {isa = PBXFileReference; lastKnownFileType = wrapper.framework; name = MobileCoreServices.framework; path = System/Library/Frameworks/MobileCoreServices.framework; sourceTree = SDKROOT; };
		7EE5A5A119A3301A00C10910 /* QuartzCore.framework */ = {isa = PBXFileReference; lastKnownFileType = wrapper.framework; name = QuartzCore.framework; path = System/Library/Frameworks/QuartzCore.framework; sourceTree = SDKROOT; };
		7EE5A5A319A3302E00C10910 /* StoreKit.framework */ = {isa = PBXFileReference; lastKnownFileType = wrapper.framework; name = StoreKit.framework; path = System/Library/Frameworks/StoreKit.framework; sourceTree = SDKROOT; };
		7EE5A5A519A331C400C10910 /* MediaPlayer.framework */ = {isa = PBXFileReference; lastKnownFileType = wrapper.framework; name = MediaPlayer.framework; path = System/Library/Frameworks/MediaPlayer.framework; sourceTree = SDKROOT; };
		7EE5A5A719A33E5F00C10910 /* AlarmViewController.h */ = {isa = PBXFileReference; fileEncoding = 4; lastKnownFileType = sourcecode.c.h; path = AlarmViewController.h; sourceTree = "<group>"; };
		7EE5A5A819A33E5F00C10910 /* AlarmViewController.m */ = {isa = PBXFileReference; fileEncoding = 4; lastKnownFileType = sourcecode.c.objc; path = AlarmViewController.m; sourceTree = "<group>"; };
		7EE5A5AB19A34C6300C10910 /* DCAudioPlayer.h */ = {isa = PBXFileReference; fileEncoding = 4; lastKnownFileType = sourcecode.c.h; path = DCAudioPlayer.h; sourceTree = "<group>"; };
		7EE5A5AC19A34C6300C10910 /* DCAudioPlayer.m */ = {isa = PBXFileReference; fileEncoding = 4; lastKnownFileType = sourcecode.c.objc; path = DCAudioPlayer.m; sourceTree = "<group>"; };
		7EE5A5AD19A34C6300C10910 /* DCButton.h */ = {isa = PBXFileReference; fileEncoding = 4; lastKnownFileType = sourcecode.c.h; path = DCButton.h; sourceTree = "<group>"; };
		7EE5A5AE19A34C6300C10910 /* DCButton.m */ = {isa = PBXFileReference; fileEncoding = 4; lastKnownFileType = sourcecode.c.objc; path = DCButton.m; sourceTree = "<group>"; };
		7EE5A5AF19A34C6300C10910 /* DCLabel.h */ = {isa = PBXFileReference; fileEncoding = 4; lastKnownFileType = sourcecode.c.h; path = DCLabel.h; sourceTree = "<group>"; };
		7EE5A5B019A34C6300C10910 /* DCLabel.m */ = {isa = PBXFileReference; fileEncoding = 4; lastKnownFileType = sourcecode.c.objc; path = DCLabel.m; sourceTree = "<group>"; };
		7EE5A5B119A34C6300C10910 /* DCUtil.h */ = {isa = PBXFileReference; fileEncoding = 4; lastKnownFileType = sourcecode.c.h; path = DCUtil.h; sourceTree = "<group>"; };
		7EE5A5B219A34C6300C10910 /* DCUtil.m */ = {isa = PBXFileReference; fileEncoding = 4; lastKnownFileType = sourcecode.c.objc; path = DCUtil.m; sourceTree = "<group>"; };
		7EE5A5BB19A365CB00C10910 /* alarm.mp3 */ = {isa = PBXFileReference; lastKnownFileType = audio.mp3; path = alarm.mp3; sourceTree = "<group>"; };
		840B3B7419A1E18000236DF9 /* VoiceSelect.h */ = {isa = PBXFileReference; fileEncoding = 4; lastKnownFileType = sourcecode.c.h; name = VoiceSelect.h; path = ../VoiceSelect.h; sourceTree = "<group>"; };
		840B3B7519A1E18000236DF9 /* VoiceSelect.m */ = {isa = PBXFileReference; fileEncoding = 4; lastKnownFileType = sourcecode.c.objc; name = VoiceSelect.m; path = ../VoiceSelect.m; sourceTree = "<group>"; };
		84260DDF19A3410800F78BCA /* CFNetwork.framework */ = {isa = PBXFileReference; lastKnownFileType = wrapper.framework; name = CFNetwork.framework; path = System/Library/Frameworks/CFNetwork.framework; sourceTree = SDKROOT; };
		84260DE119A3411F00F78BCA /* CoreLocation.framework */ = {isa = PBXFileReference; lastKnownFileType = wrapper.framework; name = CoreLocation.framework; path = System/Library/Frameworks/CoreLocation.framework; sourceTree = SDKROOT; };
		84260DE319A3412A00F78BCA /* libdl.dylib */ = {isa = PBXFileReference; lastKnownFileType = "compiled.mach-o.dylib"; name = libdl.dylib; path = usr/lib/libdl.dylib; sourceTree = SDKROOT; };
		84260DE519A3413900F78BCA /* MobileCoreServices.framework */ = {isa = PBXFileReference; lastKnownFileType = wrapper.framework; name = MobileCoreServices.framework; path = System/Library/Frameworks/MobileCoreServices.framework; sourceTree = SDKROOT; };
		84260DE719A3415300F78BCA /* QuartzCore.framework */ = {isa = PBXFileReference; lastKnownFileType = wrapper.framework; name = QuartzCore.framework; path = System/Library/Frameworks/QuartzCore.framework; sourceTree = SDKROOT; };
		84260DE919A3416F00F78BCA /* StoreKit.framework */ = {isa = PBXFileReference; lastKnownFileType = wrapper.framework; name = StoreKit.framework; path = System/Library/Frameworks/StoreKit.framework; sourceTree = SDKROOT; };
		84260DEB19A3430600F78BCA /* Parse.framework */ = {isa = PBXFileReference; lastKnownFileType = wrapper.framework; name = Parse.framework; path = ../../Downloads/Parse.framework; sourceTree = "<group>"; };
		8484D6FB19A1B7D900E210EE /* myViewController.h */ = {isa = PBXFileReference; fileEncoding = 4; lastKnownFileType = sourcecode.c.h; name = myViewController.h; path = ../myViewController.h; sourceTree = "<group>"; };
		8484D6FC19A1B7D900E210EE /* myViewController.m */ = {isa = PBXFileReference; fileEncoding = 4; lastKnownFileType = sourcecode.c.objc; name = myViewController.m; path = ../myViewController.m; sourceTree = "<group>"; };
/* End PBXFileReference section */

/* Begin PBXFrameworksBuildPhase section */
		7E548799199A03D800B7A2FE /* Frameworks */ = {
			isa = PBXFrameworksBuildPhase;
			buildActionMask = 2147483647;
			files = (
				7EE5A5A619A331C400C10910 /* MediaPlayer.framework in Frameworks */,

				4219211A19A32C0300429684 /* StoreKit.framework in Frameworks */,
				4219211819A32BEF00429684 /* QuartzCore.framework in Frameworks */,
				4219211619A32BD900429684 /* MobileCoreServices.framework in Frameworks */,
				4219211419A32BC900429684 /* libz.dylib in Frameworks */,
				4219211219A32BB500429684 /* CoreLocation.framework in Frameworks */,
				4219211019A32B8E00429684 /* CFNetwork.framework in Frameworks */,
				4219210E19A32B4100429684 /* Parse.framework in Frameworks */,
				4219210919A30D0100429684 /* Security.framework in Frameworks */,

				4219210719A30CF600429684 /* SystemConfiguration.framework in Frameworks */,
				84260DEA19A3416F00F78BCA /* StoreKit.framework in Frameworks */,
				4219210919A30D0100429684 /* Security.framework in Frameworks */,
				84260DE819A3415300F78BCA /* QuartzCore.framework in Frameworks */,
				84260DE619A3413900F78BCA /* MobileCoreServices.framework in Frameworks */,
				84260DE419A3412A00F78BCA /* libdl.dylib in Frameworks */,
				84260DE219A3411F00F78BCA /* CoreLocation.framework in Frameworks */,
				7E5487A2199A03D800B7A2FE /* CoreGraphics.framework in Frameworks */,
				84260DE019A3410800F78BCA /* CFNetwork.framework in Frameworks */,
				7EE5A57C19A2DEAE00C10910 /* AudioToolbox.framework in Frameworks */,
				4219210C19A30F3500429684 /* Parse.framework in Frameworks */,
				7EE5A57A19A2DEA600C10910 /* AVFoundation.framework in Frameworks */,
				7E5487A4199A03D800B7A2FE /* UIKit.framework in Frameworks */,
				7E5487A0199A03D800B7A2FE /* Foundation.framework in Frameworks */,
			);
			runOnlyForDeploymentPostprocessing = 0;
		};
		7E5487BA199A03D800B7A2FE /* Frameworks */ = {
			isa = PBXFrameworksBuildPhase;
			buildActionMask = 2147483647;
			files = (
				7E5487BF199A03D800B7A2FE /* XCTest.framework in Frameworks */,
				7E5487C1199A03D800B7A2FE /* UIKit.framework in Frameworks */,
				7E5487C0199A03D800B7A2FE /* Foundation.framework in Frameworks */,
			);
			runOnlyForDeploymentPostprocessing = 0;
		};
/* End PBXFrameworksBuildPhase section */

/* Begin PBXGroup section */
		7E548793199A03D800B7A2FE = {
			isa = PBXGroup;
			children = (
				7E5487A5199A03D800B7A2FE /* okoshiya */,
				7E5487C4199A03D800B7A2FE /* okoshiyaTests */,
				7E54879E199A03D800B7A2FE /* Frameworks */,
				7E54879D199A03D800B7A2FE /* Products */,
			);
			sourceTree = "<group>";
		};
		7E54879D199A03D800B7A2FE /* Products */ = {
			isa = PBXGroup;
			children = (
				7E54879C199A03D800B7A2FE /* okoshiya.app */,
				7E5487BD199A03D800B7A2FE /* okoshiyaTests.xctest */,
			);
			name = Products;
			sourceTree = "<group>";
		};
		7E54879E199A03D800B7A2FE /* Frameworks */ = {
			isa = PBXGroup;
			children = (
				7EE5A5A519A331C400C10910 /* MediaPlayer.framework */,
				84260DEB19A3430600F78BCA /* Parse.framework */,
				84260DE919A3416F00F78BCA /* StoreKit.framework */,
				84260DE719A3415300F78BCA /* QuartzCore.framework */,
				84260DE519A3413900F78BCA /* MobileCoreServices.framework */,
				84260DE319A3412A00F78BCA /* libdl.dylib */,
				84260DE119A3411F00F78BCA /* CoreLocation.framework */,
				84260DDF19A3410800F78BCA /* CFNetwork.framework */,
				4219211319A32BC900429684 /* libz.dylib */,
				4219210819A30D0100429684 /* Security.framework */,
				4219210619A30CF600429684 /* SystemConfiguration.framework */,
				7EE5A57B19A2DEAE00C10910 /* AudioToolbox.framework */,
				7EE5A57919A2DEA600C10910 /* AVFoundation.framework */,
				7E54879F199A03D800B7A2FE /* Foundation.framework */,
				7E5487A1199A03D800B7A2FE /* CoreGraphics.framework */,
				7E5487A3199A03D800B7A2FE /* UIKit.framework */,
				7E5487BE199A03D800B7A2FE /* XCTest.framework */,
			);
			name = Frameworks;
			sourceTree = "<group>";
		};
		7E5487A5199A03D800B7A2FE /* okoshiya */ = {
			isa = PBXGroup;
			children = (
				7EE5A5BA19A365CB00C10910 /* audio */,
				7EE5A5AA19A34C6300C10910 /* DCLibrary */,
				7EE5A57D19A2DED000C10910 /* images */,
				840B3B7419A1E18000236DF9 /* VoiceSelect.h */,
				840B3B7519A1E18000236DF9 /* VoiceSelect.m */,
				8484D6FB19A1B7D900E210EE /* myViewController.h */,
				8484D6FC19A1B7D900E210EE /* myViewController.m */,
				7E5487AE199A03D800B7A2FE /* AppDelegate.h */,
				7E5487AF199A03D800B7A2FE /* AppDelegate.m */,
				7E5487B1199A03D800B7A2FE /* Main.storyboard */,
				7EE5A57019A2235A00C10910 /* OnseiViewController.h */,
				7EE5A57119A2235A00C10910 /* OnseiViewController.m */,
				7E5487B4199A03D800B7A2FE /* ViewController.h */,
				7E5487B5199A03D800B7A2FE /* ViewController.m */,
				7EE5A5A719A33E5F00C10910 /* AlarmViewController.h */,
				7EE5A5A819A33E5F00C10910 /* AlarmViewController.m */,
				7EE5A59419A2ECA300C10910 /* UserResisterViewController.h */,
				7EE5A59519A2ECA300C10910 /* UserResisterViewController.m */,
				421920FF19A2DEA700429684 /* postViewController.h */,
				4219210019A2DEA700429684 /* postViewController.m */,
				7E5487B7199A03D800B7A2FE /* Images.xcassets */,
				7E5487A6199A03D800B7A2FE /* Supporting Files */,
			);
			path = okoshiya;
			sourceTree = "<group>";
		};
		7E5487A6199A03D800B7A2FE /* Supporting Files */ = {
			isa = PBXGroup;
			children = (
				7E5487A7199A03D800B7A2FE /* okoshiya-Info.plist */,
				7E5487A8199A03D800B7A2FE /* InfoPlist.strings */,
				7E5487AB199A03D800B7A2FE /* main.m */,
				7E5487AD199A03D800B7A2FE /* okoshiya-Prefix.pch */,
			);
			name = "Supporting Files";
			sourceTree = "<group>";
		};
		7E5487C4199A03D800B7A2FE /* okoshiyaTests */ = {
			isa = PBXGroup;
			children = (
				7E5487CA199A03D800B7A2FE /* okoshiyaTests.m */,
				7E5487C5199A03D800B7A2FE /* Supporting Files */,
			);
			path = okoshiyaTests;
			sourceTree = "<group>";
		};
		7E5487C5199A03D800B7A2FE /* Supporting Files */ = {
			isa = PBXGroup;
			children = (
				7E5487C6199A03D800B7A2FE /* okoshiyaTests-Info.plist */,
				7E5487C7199A03D800B7A2FE /* InfoPlist.strings */,
			);
			name = "Supporting Files";
			sourceTree = "<group>";
		};
		7EE5A57D19A2DED000C10910 /* images */ = {
			isa = PBXGroup;
			children = (
				7EE5A57E19A2DED000C10910 /* close.png */,
				7EE5A57F19A2DED000C10910 /* hukidashi.png */,
				7EE5A58019A2DED000C10910 /* hukidashi1.png */,
				7EE5A58119A2DED000C10910 /* human.png */,
				7EE5A58219A2DED000C10910 /* listen.png */,
				7EE5A58319A2DED000C10910 /* maiku.png */,
				7EE5A58419A2DED000C10910 /* me.png */,
				7EE5A58519A2DED000C10910 /* recordbutton.png */,
				7EE5A58619A2DED000C10910 /* recordbuttonon.png */,
				7EE5A58719A2DED000C10910 /* title.png */,
				7EE5A58819A2DED000C10910 /* top.png */,
			);
			path = images;
			sourceTree = "<group>";
		};
		7EE5A5AA19A34C6300C10910 /* DCLibrary */ = {
			isa = PBXGroup;
			children = (
				7EE5A5AB19A34C6300C10910 /* DCAudioPlayer.h */,
				7EE5A5AC19A34C6300C10910 /* DCAudioPlayer.m */,
				7EE5A5AD19A34C6300C10910 /* DCButton.h */,
				7EE5A5AE19A34C6300C10910 /* DCButton.m */,
				7EE5A5AF19A34C6300C10910 /* DCLabel.h */,
				7EE5A5B019A34C6300C10910 /* DCLabel.m */,
				7EE5A5B119A34C6300C10910 /* DCUtil.h */,
				7EE5A5B219A34C6300C10910 /* DCUtil.m */,
			);
			path = DCLibrary;
			sourceTree = "<group>";
		};
		7EE5A5BA19A365CB00C10910 /* audio */ = {
			isa = PBXGroup;
			children = (
				7EE5A5BB19A365CB00C10910 /* alarm.mp3 */,
			);
			path = audio;
			sourceTree = "<group>";
		};
/* End PBXGroup section */

/* Begin PBXNativeTarget section */
		7E54879B199A03D800B7A2FE /* okoshiya */ = {
			isa = PBXNativeTarget;
			buildConfigurationList = 7E5487CE199A03D800B7A2FE /* Build configuration list for PBXNativeTarget "okoshiya" */;
			buildPhases = (
				7E548798199A03D800B7A2FE /* Sources */,
				7E548799199A03D800B7A2FE /* Frameworks */,
				7E54879A199A03D800B7A2FE /* Resources */,
			);
			buildRules = (
			);
			dependencies = (
			);
			name = okoshiya;
			productName = okoshiya;
			productReference = 7E54879C199A03D800B7A2FE /* okoshiya.app */;
			productType = "com.apple.product-type.application";
		};
		7E5487BC199A03D800B7A2FE /* okoshiyaTests */ = {
			isa = PBXNativeTarget;
			buildConfigurationList = 7E5487D1199A03D800B7A2FE /* Build configuration list for PBXNativeTarget "okoshiyaTests" */;
			buildPhases = (
				7E5487B9199A03D800B7A2FE /* Sources */,
				7E5487BA199A03D800B7A2FE /* Frameworks */,
				7E5487BB199A03D800B7A2FE /* Resources */,
			);
			buildRules = (
			);
			dependencies = (
				7E5487C3199A03D800B7A2FE /* PBXTargetDependency */,
			);
			name = okoshiyaTests;
			productName = okoshiyaTests;
			productReference = 7E5487BD199A03D800B7A2FE /* okoshiyaTests.xctest */;
			productType = "com.apple.product-type.bundle.unit-test";
		};
/* End PBXNativeTarget section */

/* Begin PBXProject section */
		7E548794199A03D800B7A2FE /* Project object */ = {
			isa = PBXProject;
			attributes = {
				LastUpgradeCheck = 0510;
				ORGANIZATIONNAME = "hata kanae";
				TargetAttributes = {
					7E5487BC199A03D800B7A2FE = {
						TestTargetID = 7E54879B199A03D800B7A2FE;
					};
				};
			};
			buildConfigurationList = 7E548797199A03D800B7A2FE /* Build configuration list for PBXProject "okoshiya" */;
			compatibilityVersion = "Xcode 3.2";
			developmentRegion = English;
			hasScannedForEncodings = 0;
			knownRegions = (
				en,
				Base,
			);
			mainGroup = 7E548793199A03D800B7A2FE;
			productRefGroup = 7E54879D199A03D800B7A2FE /* Products */;
			projectDirPath = "";
			projectRoot = "";
			targets = (
				7E54879B199A03D800B7A2FE /* okoshiya */,
				7E5487BC199A03D800B7A2FE /* okoshiyaTests */,
			);
		};
/* End PBXProject section */

/* Begin PBXResourcesBuildPhase section */
		7E54879A199A03D800B7A2FE /* Resources */ = {
			isa = PBXResourcesBuildPhase;
			buildActionMask = 2147483647;
			files = (
				7EE5A58D19A2DED000C10910 /* listen.png in Resources */,
				7EE5A59219A2DED000C10910 /* title.png in Resources */,
				7EE5A58C19A2DED000C10910 /* human.png in Resources */,
				7EE5A58919A2DED000C10910 /* close.png in Resources */,
				7EE5A58A19A2DED000C10910 /* hukidashi.png in Resources */,
				7EE5A59019A2DED000C10910 /* recordbutton.png in Resources */,
				7EE5A58E19A2DED000C10910 /* maiku.png in Resources */,
				7E5487B8199A03D800B7A2FE /* Images.xcassets in Resources */,
				7EE5A58B19A2DED000C10910 /* hukidashi1.png in Resources */,
				7E5487AA199A03D800B7A2FE /* InfoPlist.strings in Resources */,
				7E5487B3199A03D800B7A2FE /* Main.storyboard in Resources */,
				7EE5A59119A2DED000C10910 /* recordbuttonon.png in Resources */,
				7EE5A59319A2DED000C10910 /* top.png in Resources */,
				7EE5A58F19A2DED000C10910 /* me.png in Resources */,
				7EE5A5BC19A365CB00C10910 /* alarm.mp3 in Resources */,
			);
			runOnlyForDeploymentPostprocessing = 0;
		};
		7E5487BB199A03D800B7A2FE /* Resources */ = {
			isa = PBXResourcesBuildPhase;
			buildActionMask = 2147483647;
			files = (
				7E5487C9199A03D800B7A2FE /* InfoPlist.strings in Resources */,
			);
			runOnlyForDeploymentPostprocessing = 0;
		};
/* End PBXResourcesBuildPhase section */

/* Begin PBXSourcesBuildPhase section */
		7E548798199A03D800B7A2FE /* Sources */ = {
			isa = PBXSourcesBuildPhase;
			buildActionMask = 2147483647;
			files = (
				7E5487B6199A03D800B7A2FE /* ViewController.m in Sources */,
				4219210119A2DEA700429684 /* postViewController.m in Sources */,
				7EE5A5B319A34C6300C10910 /* DCAudioPlayer.m in Sources */,
				7EE5A5B619A34C6300C10910 /* DCUtil.m in Sources */,
				7EE5A5B519A34C6300C10910 /* DCLabel.m in Sources */,
				7E5487B0199A03D800B7A2FE /* AppDelegate.m in Sources */,
				7EE5A5A919A33E5F00C10910 /* AlarmViewController.m in Sources */,
				8484D6FD19A1B7D900E210EE /* myViewController.m in Sources */,
				7E5487AC199A03D800B7A2FE /* main.m in Sources */,
				7EE5A5B419A34C6300C10910 /* DCButton.m in Sources */,
				7EE5A59619A2ECA300C10910 /* UserResisterViewController.m in Sources */,
				840B3B7619A1E18000236DF9 /* VoiceSelect.m in Sources */,
				7EE5A57619A2235A00C10910 /* OnseiViewController.m in Sources */,
			);
			runOnlyForDeploymentPostprocessing = 0;
		};
		7E5487B9199A03D800B7A2FE /* Sources */ = {
			isa = PBXSourcesBuildPhase;
			buildActionMask = 2147483647;
			files = (
				7E5487CB199A03D800B7A2FE /* okoshiyaTests.m in Sources */,
			);
			runOnlyForDeploymentPostprocessing = 0;
		};
/* End PBXSourcesBuildPhase section */

/* Begin PBXTargetDependency section */
		7E5487C3199A03D800B7A2FE /* PBXTargetDependency */ = {
			isa = PBXTargetDependency;
			target = 7E54879B199A03D800B7A2FE /* okoshiya */;
			targetProxy = 7E5487C2199A03D800B7A2FE /* PBXContainerItemProxy */;
		};
/* End PBXTargetDependency section */

/* Begin PBXVariantGroup section */
		7E5487A8199A03D800B7A2FE /* InfoPlist.strings */ = {
			isa = PBXVariantGroup;
			children = (
				7E5487A9199A03D800B7A2FE /* en */,
			);
			name = InfoPlist.strings;
			sourceTree = "<group>";
		};
		7E5487B1199A03D800B7A2FE /* Main.storyboard */ = {
			isa = PBXVariantGroup;
			children = (
				7E5487B2199A03D800B7A2FE /* Base */,
			);
			name = Main.storyboard;
			sourceTree = "<group>";
		};
		7E5487C7199A03D800B7A2FE /* InfoPlist.strings */ = {
			isa = PBXVariantGroup;
			children = (
				7E5487C8199A03D800B7A2FE /* en */,
			);
			name = InfoPlist.strings;
			sourceTree = "<group>";
		};
/* End PBXVariantGroup section */

/* Begin XCBuildConfiguration section */
		7E5487CC199A03D800B7A2FE /* Debug */ = {
			isa = XCBuildConfiguration;
			buildSettings = {
				ALWAYS_SEARCH_USER_PATHS = NO;
				CLANG_CXX_LANGUAGE_STANDARD = "gnu++0x";
				CLANG_CXX_LIBRARY = "libc++";
				CLANG_ENABLE_MODULES = YES;
				CLANG_ENABLE_OBJC_ARC = YES;
				CLANG_WARN_BOOL_CONVERSION = YES;
				CLANG_WARN_CONSTANT_CONVERSION = YES;
				CLANG_WARN_DIRECT_OBJC_ISA_USAGE = YES_ERROR;
				CLANG_WARN_EMPTY_BODY = YES;
				CLANG_WARN_ENUM_CONVERSION = YES;
				CLANG_WARN_INT_CONVERSION = YES;
				CLANG_WARN_OBJC_ROOT_CLASS = YES_ERROR;
				CLANG_WARN__DUPLICATE_METHOD_MATCH = YES;
				CODE_SIGN_IDENTITY = "iPhone Developer: daisuke sato (9MF8K8KAXA)";
				"CODE_SIGN_IDENTITY[sdk=iphoneos*]" = "iPhone Developer";
				COPY_PHASE_STRIP = NO;
				GCC_C_LANGUAGE_STANDARD = gnu99;
				GCC_DYNAMIC_NO_PIC = NO;
				GCC_OPTIMIZATION_LEVEL = 0;
				GCC_PREPROCESSOR_DEFINITIONS = (
					"DEBUG=1",
					"$(inherited)",
				);
				GCC_SYMBOLS_PRIVATE_EXTERN = NO;
				GCC_WARN_64_TO_32_BIT_CONVERSION = YES;
				GCC_WARN_ABOUT_RETURN_TYPE = YES_ERROR;
				GCC_WARN_UNDECLARED_SELECTOR = YES;
				GCC_WARN_UNINITIALIZED_AUTOS = YES_AGGRESSIVE;
				GCC_WARN_UNUSED_FUNCTION = YES;
				GCC_WARN_UNUSED_VARIABLE = YES;
				IPHONEOS_DEPLOYMENT_TARGET = 7.1;
				ONLY_ACTIVE_ARCH = YES;
				PROVISIONING_PROFILE = "a5197ee6-0ea0-45e0-88da-5c87ebb29c71";
				SDKROOT = iphoneos;
			};
			name = Debug;
		};
		7E5487CD199A03D800B7A2FE /* Release */ = {
			isa = XCBuildConfiguration;
			buildSettings = {
				ALWAYS_SEARCH_USER_PATHS = NO;
				CLANG_CXX_LANGUAGE_STANDARD = "gnu++0x";
				CLANG_CXX_LIBRARY = "libc++";
				CLANG_ENABLE_MODULES = YES;
				CLANG_ENABLE_OBJC_ARC = YES;
				CLANG_WARN_BOOL_CONVERSION = YES;
				CLANG_WARN_CONSTANT_CONVERSION = YES;
				CLANG_WARN_DIRECT_OBJC_ISA_USAGE = YES_ERROR;
				CLANG_WARN_EMPTY_BODY = YES;
				CLANG_WARN_ENUM_CONVERSION = YES;
				CLANG_WARN_INT_CONVERSION = YES;
				CLANG_WARN_OBJC_ROOT_CLASS = YES_ERROR;
				CLANG_WARN__DUPLICATE_METHOD_MATCH = YES;
				CODE_SIGN_IDENTITY = "iPhone Developer: daisuke sato (9MF8K8KAXA)";
				"CODE_SIGN_IDENTITY[sdk=iphoneos*]" = "iPhone Developer";
				COPY_PHASE_STRIP = YES;
				ENABLE_NS_ASSERTIONS = NO;
				GCC_C_LANGUAGE_STANDARD = gnu99;
				GCC_WARN_64_TO_32_BIT_CONVERSION = YES;
				GCC_WARN_ABOUT_RETURN_TYPE = YES_ERROR;
				GCC_WARN_UNDECLARED_SELECTOR = YES;
				GCC_WARN_UNINITIALIZED_AUTOS = YES_AGGRESSIVE;
				GCC_WARN_UNUSED_FUNCTION = YES;
				GCC_WARN_UNUSED_VARIABLE = YES;
				IPHONEOS_DEPLOYMENT_TARGET = 7.1;
				PROVISIONING_PROFILE = "a5197ee6-0ea0-45e0-88da-5c87ebb29c71";
				SDKROOT = iphoneos;
				VALIDATE_PRODUCT = YES;
			};
			name = Release;
		};
		7E5487CF199A03D800B7A2FE /* Debug */ = {
			isa = XCBuildConfiguration;
			buildSettings = {
				ASSETCATALOG_COMPILER_APPICON_NAME = AppIcon;
				ASSETCATALOG_COMPILER_LAUNCHIMAGE_NAME = LaunchImage;
				CLANG_ENABLE_OBJC_ARC = NO;
				CODE_SIGN_IDENTITY = "iPhone Developer: daisuke sato (9MF8K8KAXA)";
				FRAMEWORK_SEARCH_PATHS = (
					"$(inherited)",
					/Users/seryu623/Downloads,
					/Users/seryu623/Desktop,
					/Users/admin/Downloads,
					"$(PROJECT_DIR)",
				);
				GCC_PRECOMPILE_PREFIX_HEADER = YES;
				GCC_PREFIX_HEADER = "okoshiya/okoshiya-Prefix.pch";
				INFOPLIST_FILE = "okoshiya/okoshiya-Info.plist";
				PRODUCT_NAME = "$(TARGET_NAME)";
				PROVISIONING_PROFILE = "a5197ee6-0ea0-45e0-88da-5c87ebb29c71";
				WRAPPER_EXTENSION = app;
			};
			name = Debug;
		};
		7E5487D0199A03D800B7A2FE /* Release */ = {
			isa = XCBuildConfiguration;
			buildSettings = {
				ASSETCATALOG_COMPILER_APPICON_NAME = AppIcon;
				ASSETCATALOG_COMPILER_LAUNCHIMAGE_NAME = LaunchImage;
				CLANG_ENABLE_OBJC_ARC = NO;
				CODE_SIGN_IDENTITY = "iPhone Developer: daisuke sato (9MF8K8KAXA)";
				FRAMEWORK_SEARCH_PATHS = (
					"$(inherited)",
					/Users/seryu623/Downloads,
					/Users/seryu623/Desktop,
					/Users/admin/Downloads,
					"$(PROJECT_DIR)",
				);
				GCC_PRECOMPILE_PREFIX_HEADER = YES;
				GCC_PREFIX_HEADER = "okoshiya/okoshiya-Prefix.pch";
				INFOPLIST_FILE = "okoshiya/okoshiya-Info.plist";
				PRODUCT_NAME = "$(TARGET_NAME)";
				PROVISIONING_PROFILE = "a5197ee6-0ea0-45e0-88da-5c87ebb29c71";
				WRAPPER_EXTENSION = app;
			};
			name = Release;
		};
		7E5487D2199A03D800B7A2FE /* Debug */ = {
			isa = XCBuildConfiguration;
			buildSettings = {
				BUNDLE_LOADER = "$(BUILT_PRODUCTS_DIR)/okoshiya.app/okoshiya";
				FRAMEWORK_SEARCH_PATHS = (
					"$(SDKROOT)/Developer/Library/Frameworks",
					"$(inherited)",
					"$(DEVELOPER_FRAMEWORKS_DIR)",
				);
				GCC_PRECOMPILE_PREFIX_HEADER = YES;
				GCC_PREFIX_HEADER = "okoshiya/okoshiya-Prefix.pch";
				GCC_PREPROCESSOR_DEFINITIONS = (
					"DEBUG=1",
					"$(inherited)",
				);
				INFOPLIST_FILE = "okoshiyaTests/okoshiyaTests-Info.plist";
				PRODUCT_NAME = "$(TARGET_NAME)";
				TEST_HOST = "$(BUNDLE_LOADER)";
				WRAPPER_EXTENSION = xctest;
			};
			name = Debug;
		};
		7E5487D3199A03D800B7A2FE /* Release */ = {
			isa = XCBuildConfiguration;
			buildSettings = {
				BUNDLE_LOADER = "$(BUILT_PRODUCTS_DIR)/okoshiya.app/okoshiya";
				FRAMEWORK_SEARCH_PATHS = (
					"$(SDKROOT)/Developer/Library/Frameworks",
					"$(inherited)",
					"$(DEVELOPER_FRAMEWORKS_DIR)",
				);
				GCC_PRECOMPILE_PREFIX_HEADER = YES;
				GCC_PREFIX_HEADER = "okoshiya/okoshiya-Prefix.pch";
				INFOPLIST_FILE = "okoshiyaTests/okoshiyaTests-Info.plist";
				PRODUCT_NAME = "$(TARGET_NAME)";
				TEST_HOST = "$(BUNDLE_LOADER)";
				WRAPPER_EXTENSION = xctest;
			};
			name = Release;
		};
/* End XCBuildConfiguration section */

/* Begin XCConfigurationList section */
		7E548797199A03D800B7A2FE /* Build configuration list for PBXProject "okoshiya" */ = {
			isa = XCConfigurationList;
			buildConfigurations = (
				7E5487CC199A03D800B7A2FE /* Debug */,
				7E5487CD199A03D800B7A2FE /* Release */,
			);
			defaultConfigurationIsVisible = 0;
			defaultConfigurationName = Release;
		};
		7E5487CE199A03D800B7A2FE /* Build configuration list for PBXNativeTarget "okoshiya" */ = {
			isa = XCConfigurationList;
			buildConfigurations = (
				7E5487CF199A03D800B7A2FE /* Debug */,
				7E5487D0199A03D800B7A2FE /* Release */,
			);
			defaultConfigurationIsVisible = 0;
			defaultConfigurationName = Release;
		};
		7E5487D1199A03D800B7A2FE /* Build configuration list for PBXNativeTarget "okoshiyaTests" */ = {
			isa = XCConfigurationList;
			buildConfigurations = (
				7E5487D2199A03D800B7A2FE /* Debug */,
				7E5487D3199A03D800B7A2FE /* Release */,
			);
			defaultConfigurationIsVisible = 0;
			defaultConfigurationName = Release;
		};
/* End XCConfigurationList section */
	};
	rootObject = 7E548794199A03D800B7A2FE /* Project object */;
}
